{
  "name": "configfactory",
  "version": "1.0.0",
  "lockfileVersion": 1,
  "requires": true,
  "dependencies": {
    "ace-builds": {
      "version": "1.2.8",
      "resolved": "https://registry.npmjs.org/ace-builds/-/ace-builds-1.2.8.tgz",
      "integrity": "sha1-Bi3EV3KwDs5qVHomajCB/ldZEQM="
    },
    "admin-lte": {
      "version": "2.3.11",
      "resolved": "https://registry.npmjs.org/admin-lte/-/admin-lte-2.3.11.tgz",
      "integrity": "sha1-2lbc001C6e8a82K+FVIKBTqdQ9s="
    },
    "bootstrap": {
      "version": "3.3.7",
      "resolved": "https://registry.npmjs.org/bootstrap/-/bootstrap-3.3.7.tgz",
      "integrity": "sha1-WjiTlFSfIzMIdaOxUGVldPip63E="
    },
    "font-awesome": {
      "version": "4.7.0",
      "resolved": "https://registry.npmjs.org/font-awesome/-/font-awesome-4.7.0.tgz",
      "integrity": "sha1-j6jPBBGhoxr9B7BtKQK7n8gVoTM="
    },
    "jquery": {
      "version": "3.2.1",
      "resolved": "https://registry.npmjs.org/jquery/-/jquery-3.2.1.tgz",
      "integrity": "sha1-XE2d5lKvbNCncBVKYxu6ErAVx4c="
    }
  }
}
